// !$*UTF8*$!
{
	archiveVersion = 1;
	classes = {
	};
	objectVersion = 50;
	objects = {

/* Begin PBXBuildFile section */
		79BC4E17243CCFAB00BAA6AF /* AppDelegate.swift in Sources */ = {isa = PBXBuildFile; fileRef = 79BC4E16243CCFAB00BAA6AF /* AppDelegate.swift */; };
		79BC4E19243CCFAB00BAA6AF /* SceneDelegate.swift in Sources */ = {isa = PBXBuildFile; fileRef = 79BC4E18243CCFAB00BAA6AF /* SceneDelegate.swift */; };
		79BC4E1B243CCFAB00BAA6AF /* WeatherViewController.swift in Sources */ = {isa = PBXBuildFile; fileRef = 79BC4E1A243CCFAB00BAA6AF /* WeatherViewController.swift */; };
		79BC4E1E243CCFAB00BAA6AF /* Main.storyboard in Resources */ = {isa = PBXBuildFile; fileRef = 79BC4E1C243CCFAB00BAA6AF /* Main.storyboard */; };
		79BC4E20243CCFAE00BAA6AF /* Assets.xcassets in Resources */ = {isa = PBXBuildFile; fileRef = 79BC4E1F243CCFAE00BAA6AF /* Assets.xcassets */; };
		79BC4E23243CCFAE00BAA6AF /* LaunchScreen.storyboard in Resources */ = {isa = PBXBuildFile; fileRef = 79BC4E21243CCFAE00BAA6AF /* LaunchScreen.storyboard */; };
		79BC4E2E243CD14D00BAA6AF /* WeatherManager.swift in Sources */ = {isa = PBXBuildFile; fileRef = 79BC4E2D243CD14D00BAA6AF /* WeatherManager.swift */; };
		79BC4E30243CD19500BAA6AF /* WeatherData.swift in Sources */ = {isa = PBXBuildFile; fileRef = 79BC4E2F243CD19500BAA6AF /* WeatherData.swift */; };
		79BC4E32243CD1B700BAA6AF /* WeatherModel.swift in Sources */ = {isa = PBXBuildFile; fileRef = 79BC4E31243CD1B700BAA6AF /* WeatherModel.swift */; };
/* End PBXBuildFile section */

/* Begin PBXFileReference section */
		79BC4E13243CCFAB00BAA6AF /* WeatherCast.app */ = {isa = PBXFileReference; explicitFileType = wrapper.application; includeInIndex = 0; path = WeatherCast.app; sourceTree = BUILT_PRODUCTS_DIR; };
		79BC4E16243CCFAB00BAA6AF /* AppDelegate.swift */ = {isa = PBXFileReference; lastKnownFileType = sourcecode.swift; path = AppDelegate.swift; sourceTree = "<group>"; };
		79BC4E18243CCFAB00BAA6AF /* SceneDelegate.swift */ = {isa = PBXFileReference; lastKnownFileType = sourcecode.swift; path = SceneDelegate.swift; sourceTree = "<group>"; };
		79BC4E1A243CCFAB00BAA6AF /* WeatherViewController.swift */ = {isa = PBXFileReference; lastKnownFileType = sourcecode.swift; path = WeatherViewController.swift; sourceTree = "<group>"; };
		79BC4E1D243CCFAB00BAA6AF /* Base */ = {isa = PBXFileReference; lastKnownFileType = file.storyboard; name = Base; path = Base.lproj/Main.storyboard; sourceTree = "<group>"; };
		79BC4E1F243CCFAE00BAA6AF /* Assets.xcassets */ = {isa = PBXFileReference; lastKnownFileType = folder.assetcatalog; path = Assets.xcassets; sourceTree = "<group>"; };
		79BC4E22243CCFAE00BAA6AF /* Base */ = {isa = PBXFileReference; lastKnownFileType = file.storyboard; name = Base; path = Base.lproj/LaunchScreen.storyboard; sourceTree = "<group>"; };
		79BC4E24243CCFAE00BAA6AF /* Info.plist */ = {isa = PBXFileReference; lastKnownFileType = text.plist.xml; path = Info.plist; sourceTree = "<group>"; };
		79BC4E2D243CD14D00BAA6AF /* WeatherManager.swift */ = {isa = PBXFileReference; lastKnownFileType = sourcecode.swift; path = WeatherManager.swift; sourceTree = "<group>"; };
		79BC4E2F243CD19500BAA6AF /* WeatherData.swift */ = {isa = PBXFileReference; lastKnownFileType = sourcecode.swift; path = WeatherData.swift; sourceTree = "<group>"; };
		79BC4E31243CD1B700BAA6AF /* WeatherModel.swift */ = {isa = PBXFileReference; lastKnownFileType = sourcecode.swift; path = WeatherModel.swift; sourceTree = "<group>"; };
/* End PBXFileReference section */

/* Begin PBXFrameworksBuildPhase section */
		79BC4E10243CCFAB00BAA6AF /* Frameworks */ = {
			isa = PBXFrameworksBuildPhase;
			buildActionMask = 2147483647;
			files = (
			);
			runOnlyForDeploymentPostprocessing = 0;
		};
/* End PBXFrameworksBuildPhase section */

/* Begin PBXGroup section */
		79BC4E0A243CCFAB00BAA6AF = {
			isa = PBXGroup;
			children = (
				79BC4E15243CCFAB00BAA6AF /* WeatherCast */,
				79BC4E14243CCFAB00BAA6AF /* Products */,
			);
			sourceTree = "<group>";
		};
		79BC4E14243CCFAB00BAA6AF /* Products */ = {
			isa = PBXGroup;
			children = (
				79BC4E13243CCFAB00BAA6AF /* WeatherCast.app */,
			);
			name = Products;
			sourceTree = "<group>";
		};
		79BC4E15243CCFAB00BAA6AF /* WeatherCast */ = {
			isa = PBXGroup;
			children = (
				79BC4E16243CCFAB00BAA6AF /* AppDelegate.swift */,
				79BC4E18243CCFAB00BAA6AF /* SceneDelegate.swift */,
				79BC4E2C243CD01E00BAA6AF /* Model */,
				79BC4E2A243CD00700BAA6AF /* View */,
				79BC4E2B243CD01100BAA6AF /* Controller */,
				79BC4E1F243CCFAE00BAA6AF /* Assets.xcassets */,
				79BC4E21243CCFAE00BAA6AF /* LaunchScreen.storyboard */,
				79BC4E24243CCFAE00BAA6AF /* Info.plist */,
			);
			path = WeatherCast;
			sourceTree = "<group>";
		};
		79BC4E2A243CD00700BAA6AF /* View */ = {
			isa = PBXGroup;
			children = (
				79BC4E1C243CCFAB00BAA6AF /* Main.storyboard */,
			);
			path = View;
			sourceTree = "<group>";
		};
		79BC4E2B243CD01100BAA6AF /* Controller */ = {
			isa = PBXGroup;
			children = (
				79BC4E1A243CCFAB00BAA6AF /* WeatherViewController.swift */,
			);
			path = Controller;
			sourceTree = "<group>";
		};
		79BC4E2C243CD01E00BAA6AF /* Model */ = {
			isa = PBXGroup;
			children = (
				79BC4E2D243CD14D00BAA6AF /* WeatherManager.swift */,
				79BC4E2F243CD19500BAA6AF /* WeatherData.swift */,
				79BC4E31243CD1B700BAA6AF /* WeatherModel.swift */,
			);
			path = Model;
			sourceTree = "<group>";
		};
/* End PBXGroup section */

/* Begin PBXNativeTarget section */
		79BC4E12243CCFAB00BAA6AF /* WeatherCast */ = {
			isa = PBXNativeTarget;
			buildConfigurationList = 79BC4E27243CCFAE00BAA6AF /* Build configuration list for PBXNativeTarget "WeatherCast" */;
			buildPhases = (
				79BC4E0F243CCFAB00BAA6AF /* Sources */,
				79BC4E10243CCFAB00BAA6AF /* Frameworks */,
				79BC4E11243CCFAB00BAA6AF /* Resources */,
			);
			buildRules = (
			);
			dependencies = (
			);
			name = WeatherCast;
			productName = WeatherCast;
			productReference = 79BC4E13243CCFAB00BAA6AF /* WeatherCast.app */;
			productType = "com.apple.product-type.application";
		};
/* End PBXNativeTarget section */

/* Begin PBXProject section */
		79BC4E0B243CCFAB00BAA6AF /* Project object */ = {
			isa = PBXProject;
			attributes = {
				LastSwiftUpdateCheck = 1140;
				LastUpgradeCheck = 1140;
				ORGANIZATIONNAME = "Marina Svistkova";
				TargetAttributes = {
					79BC4E12243CCFAB00BAA6AF = {
						CreatedOnToolsVersion = 11.4;
					};
				};
			};
			buildConfigurationList = 79BC4E0E243CCFAB00BAA6AF /* Build configuration list for PBXProject "WeatherCast" */;
			compatibilityVersion = "Xcode 9.3";
			developmentRegion = en;
			hasScannedForEncodings = 0;
			knownRegions = (
				en,
				Base,
			);
			mainGroup = 79BC4E0A243CCFAB00BAA6AF;
			productRefGroup = 79BC4E14243CCFAB00BAA6AF /* Products */;
			projectDirPath = "";
			projectRoot = "";
			targets = (
				79BC4E12243CCFAB00BAA6AF /* WeatherCast */,
			);
		};
/* End PBXProject section */

/* Begin PBXResourcesBuildPhase section */
		79BC4E11243CCFAB00BAA6AF /* Resources */ = {
			isa = PBXResourcesBuildPhase;
			buildActionMask = 2147483647;
			files = (
				79BC4E23243CCFAE00BAA6AF /* LaunchScreen.storyboard in Resources */,
				79BC4E20243CCFAE00BAA6AF /* Assets.xcassets in Resources */,
				79BC4E1E243CCFAB00BAA6AF /* Main.storyboard in Resources */,
			);
			runOnlyForDeploymentPostprocessing = 0;
		};
/* End PBXResourcesBuildPhase section */

/* Begin PBXSourcesBuildPhase section */
		79BC4E0F243CCFAB00BAA6AF /* Sources */ = {
			isa = PBXSourcesBuildPhase;
			buildActionMask = 2147483647;
			files = (
				79BC4E1B243CCFAB00BAA6AF /* WeatherViewController.swift in Sources */,
				79BC4E30243CD19500BAA6AF /* WeatherData.swift in Sources */,
				79BC4E17243CCFAB00BAA6AF /* AppDelegate.swift in Sources */,
				79BC4E2E243CD14D00BAA6AF /* WeatherManager.swift in Sources */,
				79BC4E32243CD1B700BAA6AF /* WeatherModel.swift in Sources */,
				79BC4E19243CCFAB00BAA6AF /* SceneDelegate.swift in Sources */,
			);
			runOnlyForDeploymentPostprocessing = 0;
		};
/* End PBXSourcesBuildPhase section */

/* Begin PBXVariantGroup section */
		79BC4E1C243CCFAB00BAA6AF /* Main.storyboard */ = {
			isa = PBXVariantGroup;
			children = (
				79BC4E1D243CCFAB00BAA6AF /* Base */,
			);
			name = Main.storyboard;
			sourceTree = "<group>";
		};
		79BC4E21243CCFAE00BAA6AF /* LaunchScreen.storyboard */ = {
			isa = PBXVariantGroup;
			children = (
				79BC4E22243CCFAE00BAA6AF /* Base */,
			);
			name = LaunchScreen.storyboard;
			sourceTree = "<group>";
		};
/* End PBXVariantGroup section */

/* Begin XCBuildConfiguration section */
		79BC4E25243CCFAE00BAA6AF /* Debug */ = {
			isa = XCBuildConfiguration;
			buildSettings = {
				ALWAYS_SEARCH_USER_PATHS = NO;
				CLANG_ANALYZER_NONNULL = YES;
				CLANG_ANALYZER_NUMBER_OBJECT_CONVERSION = YES_AGGRESSIVE;
				CLANG_CXX_LANGUAGE_STANDARD = "gnu++14";
				CLANG_CXX_LIBRARY = "libc++";
				CLANG_ENABLE_MODULES = YES;
				CLANG_ENABLE_OBJC_ARC = YES;
				CLANG_ENABLE_OBJC_WEAK = YES;
				CLANG_WARN_BLOCK_CAPTURE_AUTORELEASING = YES;
				CLANG_WARN_BOOL_CONVERSION = YES;
				CLANG_WARN_COMMA = YES;
				CLANG_WARN_CONSTANT_CONVERSION = YES;
				CLANG_WARN_DEPRECATED_OBJC_IMPLEMENTATIONS = YES;
				CLANG_WARN_DIRECT_OBJC_ISA_USAGE = YES_ERROR;
				CLANG_WARN_DOCUMENTATION_COMMENTS = YES;
				CLANG_WARN_EMPTY_BODY = YES;
				CLANG_WARN_ENUM_CONVERSION = YES;
				CLANG_WARN_INFINITE_RECURSION = YES;
				CLANG_WARN_INT_CONVERSION = YES;
				CLANG_WARN_NON_LITERAL_NULL_CONVERSION = YES;
				CLANG_WARN_OBJC_IMPLICIT_RETAIN_SELF = YES;
				CLANG_WARN_OBJC_LITERAL_CONVERSION = YES;
				CLANG_WARN_OBJC_ROOT_CLASS = YES_ERROR;
				CLANG_WARN_RANGE_LOOP_ANALYSIS = YES;
				CLANG_WARN_STRICT_PROTOTYPES = YES;
				CLANG_WARN_SUSPICIOUS_MOVE = YES;
				CLANG_WARN_UNGUARDED_AVAILABILITY = YES_AGGRESSIVE;
				CLANG_WARN_UNREACHABLE_CODE = YES;
				CLANG_WARN__DUPLICATE_METHOD_MATCH = YES;
				COPY_PHASE_STRIP = NO;
				DEBUG_INFORMATION_FORMAT = dwarf;
				ENABLE_STRICT_OBJC_MSGSEND = YES;
				ENABLE_TESTABILITY = YES;
				GCC_C_LANGUAGE_STANDARD = gnu11;
				GCC_DYNAMIC_NO_PIC = NO;
				GCC_NO_COMMON_BLOCKS = YES;
				GCC_OPTIMIZATION_LEVEL = 0;
				GCC_PREPROCESSOR_DEFINITIONS = (
					"DEBUG=1",
					"$(inherited)",
				);
				GCC_WARN_64_TO_32_BIT_CONVERSION = YES;
				GCC_WARN_ABOUT_RETURN_TYPE = YES_ERROR;
				GCC_WARN_UNDECLARED_SELECTOR = YES;
				GCC_WARN_UNINITIALIZED_AUTOS = YES_AGGRESSIVE;
				GCC_WARN_UNUSED_FUNCTION = YES;
				GCC_WARN_UNUSED_VARIABLE = YES;
				IPHONEOS_DEPLOYMENT_TARGET = 13.4;
				MTL_ENABLE_DEBUG_INFO = INCLUDE_SOURCE;
				MTL_FAST_MATH = YES;
				ONLY_ACTIVE_ARCH = YES;
				SDKROOT = iphoneos;
				SWIFT_ACTIVE_COMPILATION_CONDITIONS = DEBUG;
				SWIFT_OPTIMIZATION_LEVEL = "-Onone";
			};
			name = Debug;
		};
		79BC4E26243CCFAE00BAA6AF /* Release */ = {
			isa = XCBuildConfiguration;
			buildSettings = {
				ALWAYS_SEARCH_USER_PATHS = NO;
				CLANG_ANALYZER_NONNULL = YES;
				CLANG_ANALYZER_NUMBER_OBJECT_CONVERSION = YES_AGGRESSIVE;
				CLANG_CXX_LANGUAGE_STANDARD = "gnu++14";
				CLANG_CXX_LIBRARY = "libc++";
				CLANG_ENABLE_MODULES = YES;
				CLANG_ENABLE_OBJC_ARC = YES;
				CLANG_ENABLE_OBJC_WEAK = YES;
				CLANG_WARN_BLOCK_CAPTURE_AUTORELEASING = YES;
				CLANG_WARN_BOOL_CONVERSION = YES;
				CLANG_WARN_COMMA = YES;
				CLANG_WARN_CONSTANT_CONVERSION = YES;
				CLANG_WARN_DEPRECATED_OBJC_IMPLEMENTATIONS = YES;
				CLANG_WARN_DIRECT_OBJC_ISA_USAGE = YES_ERROR;
				CLANG_WARN_DOCUMENTATION_COMMENTS = YES;
				CLANG_WARN_EMPTY_BODY = YES;
				CLANG_WARN_ENUM_CONVERSION = YES;
				CLANG_WARN_INFINITE_RECURSION = YES;
				CLANG_WARN_INT_CONVERSION = YES;
				CLANG_WARN_NON_LITERAL_NULL_CONVERSION = YES;
				CLANG_WARN_OBJC_IMPLICIT_RETAIN_SELF = YES;
				CLANG_WARN_OBJC_LITERAL_CONVERSION = YES;
				CLANG_WARN_OBJC_ROOT_CLASS = YES_ERROR;
				CLANG_WARN_RANGE_LOOP_ANALYSIS = YES;
				CLANG_WARN_STRICT_PROTOTYPES = YES;
				CLANG_WARN_SUSPICIOUS_MOVE = YES;
				CLANG_WARN_UNGUARDED_AVAILABILITY = YES_AGGRESSIVE;
				CLANG_WARN_UNREACHABLE_CODE = YES;
				CLANG_WARN__DUPLICATE_METHOD_MATCH = YES;
				COPY_PHASE_STRIP = NO;
				DEBUG_INFORMATION_FORMAT = "dwarf-with-dsym";
				ENABLE_NS_ASSERTIONS = NO;
				ENABLE_STRICT_OBJC_MSGSEND = YES;
				GCC_C_LANGUAGE_STANDARD = gnu11;
				GCC_NO_COMMON_BLOCKS = YES;
				GCC_WARN_64_TO_32_BIT_CONVERSION = YES;
				GCC_WARN_ABOUT_RETURN_TYPE = YES_ERROR;
				GCC_WARN_UNDECLARED_SELECTOR = YES;
				GCC_WARN_UNINITIALIZED_AUTOS = YES_AGGRESSIVE;
				GCC_WARN_UNUSED_FUNCTION = YES;
				GCC_WARN_UNUSED_VARIABLE = YES;
				IPHONEOS_DEPLOYMENT_TARGET = 13.4;
				MTL_ENABLE_DEBUG_INFO = NO;
				MTL_FAST_MATH = YES;
				SDKROOT = iphoneos;
				SWIFT_COMPILATION_MODE = wholemodule;
				SWIFT_OPTIMIZATION_LEVEL = "-O";
				VALIDATE_PRODUCT = YES;
			};
			name = Release;
		};
		79BC4E28243CCFAE00BAA6AF /* Debug */ = {
			isa = XCBuildConfiguration;
			buildSettings = {
				ASSETCATALOG_COMPILER_APPICON_NAME = AppIcon;
				CODE_SIGN_STYLE = Automatic;
				DEVELOPMENT_TEAM = 88V5XWL377;
				INFOPLIST_FILE = WeatherCast/Info.plist;
				LD_RUNPATH_SEARCH_PATHS = (
					"$(inherited)",
					"@executable_path/Frameworks",
				);
				PRODUCT_BUNDLE_IDENTIFIER = com.marinasvistkova.WeatherCast;
				PRODUCT_NAME = "$(TARGET_NAME)";
				SWIFT_VERSION = 5.0;
				TARGETED_DEVICE_FAMILY = "1,2";
			};
			name = Debug;
		};
		79BC4E29243CCFAE00BAA6AF /* Release */ = {
			isa = XCBuildConfiguration;
			buildSettings = {
				ASSETCATALOG_COMPILER_APPICON_NAME = AppIcon;
				CODE_SIGN_STYLE = Automatic;
				DEVELOPMENT_TEAM = 88V5XWL377;
				INFOPLIST_FILE = WeatherCast/Info.plist;
				LD_RUNPATH_SEARCH_PATHS = (
					"$(inherited)",
					"@executable_path/Frameworks",
				);
				PRODUCT_BUNDLE_IDENTIFIER = com.marinasvistkova.WeatherCast;
				PRODUCT_NAME = "$(TARGET_NAME)";
				SWIFT_VERSION = 5.0;
				TARGETED_DEVICE_FAMILY = "1,2";
			};
			name = Release;
		};
/* End XCBuildConfiguration section */

/* Begin XCConfigurationList section */
		79BC4E0E243CCFAB00BAA6AF /* Build configuration list for PBXProject "WeatherCast" */ = {
			isa = XCConfigurationList;
			buildConfigurations = (
				79BC4E25243CCFAE00BAA6AF /* Debug */,
				79BC4E26243CCFAE00BAA6AF /* Release */,
			);
			defaultConfigurationIsVisible = 0;
			defaultConfigurationName = Release;
		};
		79BC4E27243CCFAE00BAA6AF /* Build configuration list for PBXNativeTarget "WeatherCast" */ = {
			isa = XCConfigurationList;
			buildConfigurations = (
				79BC4E28243CCFAE00BAA6AF /* Debug */,
				79BC4E29243CCFAE00BAA6AF /* Release */,
			);
			defaultConfigurationIsVisible = 0;
			defaultConfigurationName = Release;
		};
/* End XCConfigurationList section */
	};
	rootObject = 79BC4E0B243CCFAB00BAA6AF /* Project object */;
}
